
Microsoft Visual Studio Solution File, Format Version 12.00
# Visual Studio Version 17
VisualStudioVersion = 17.7.34031.279
MinimumVisualStudioVersion = 10.0.40219.1
Project("{FAE04EC0-301F-11D3-BF4B-00C04F79EFBC}") = "Server", "ChatClient_Server\Server.csproj", "{8F08C423-2D57-492C-9D0B-E9CD4B7D9491}"
EndProject
Project("{FAE04EC0-301F-11D3-BF4B-00C04F79EFBC}") = "Client", "Client\Client.csproj", "{67C2FA9A-88DF-4CDC-9F5A-AB07E0B821FB}"
EndProject
Global
	GlobalSection(SolutionConfigurationPlatforms) = preSolution
		Debug|Any CPU = Debug|Any CPU
		Release|Any CPU = Release|Any CPU
	EndGlobalSection
	GlobalSection(ProjectConfigurationPlatforms) = postSolution
		{8F08C423-2D57-492C-9D0B-E9CD4B7D9491}.Debug|Any CPU.ActiveCfg = Debug|Any CPU
		{8F08C423-2D57-492C-9D0B-E9CD4B7D9491}.Debug|Any CPU.Build.0 = Debug|Any CPU
		{8F08C423-2D57-492C-9D0B-E9CD4B7D9491}.Release|Any CPU.ActiveCfg = Release|Any CPU
		{8F08C423-2D57-492C-9D0B-E9CD4B7D9491}.Release|Any CPU.Build.0 = Release|Any CPU
		{67C2FA9A-88DF-4CDC-9F5A-AB07E0B821FB}.Debug|Any CPU.ActiveCfg = Debug|Any CPU
		{67C2FA9A-88DF-4CDC-9F5A-AB07E0B821FB}.Debug|Any CPU.Build.0 = Debug|Any CPU
		{67C2FA9A-88DF-4CDC-9F5A-AB07E0B821FB}.Release|Any CPU.ActiveCfg = Release|Any CPU
		{67C2FA9A-88DF-4CDC-9F5A-AB07E0B821FB}.Release|Any CPU.Build.0 = Release|Any CPU
	EndGlobalSection
	GlobalSection(SolutionProperties) = preSolution
		HideSolutionNode = FALSE
	EndGlobalSection
	GlobalSection(ExtensibilityGlobals) = postSolution
		SolutionGuid = {CFD8037B-0A60-42A1-B5F7-04C354EBB47A}
	EndGlobalSection
EndGlobal
